// !$*UTF8*$!
{
	archiveVersion = 1;
	classes = {
	};
	objectVersion = 56;
	objects = {

/* Begin PBXBuildFile section */
		9F254AB82AF6CAB500DBC864 /* ConfigProvider.swift in Sources */ = {isa = PBXBuildFile; fileRef = 9F254AB72AF6CAB500DBC864 /* ConfigProvider.swift */; };
		9F254ABA2AF6CD6100DBC864 /* BaseUrlProvider.swift in Sources */ = {isa = PBXBuildFile; fileRef = 9F254AB92AF6CD6100DBC864 /* BaseUrlProvider.swift */; };
		9F773A832AE98AAF00145859 /* Esp32CarApp.swift in Sources */ = {isa = PBXBuildFile; fileRef = 9F773A822AE98AAF00145859 /* Esp32CarApp.swift */; };
		9F773A852AE98AAF00145859 /* RoverContolView.swift in Sources */ = {isa = PBXBuildFile; fileRef = 9F773A842AE98AAF00145859 /* RoverContolView.swift */; };
		9F773A892AE98AB000145859 /* Assets.xcassets in Resources */ = {isa = PBXBuildFile; fileRef = 9F773A882AE98AB000145859 /* Assets.xcassets */; };
		9F773A8C2AE98AB000145859 /* Preview Assets.xcassets in Resources */ = {isa = PBXBuildFile; fileRef = 9F773A8B2AE98AB000145859 /* Preview Assets.xcassets */; };
		9F773A962AE98AB000145859 /* Esp32CarTests.swift in Sources */ = {isa = PBXBuildFile; fileRef = 9F773A952AE98AB000145859 /* Esp32CarTests.swift */; };
		9F773AA02AE98AB000145859 /* Esp32CarUITests.swift in Sources */ = {isa = PBXBuildFile; fileRef = 9F773A9F2AE98AB000145859 /* Esp32CarUITests.swift */; };
		9F773AA22AE98AB000145859 /* Esp32CarUITestsLaunchTests.swift in Sources */ = {isa = PBXBuildFile; fileRef = 9F773AA12AE98AB000145859 /* Esp32CarUITestsLaunchTests.swift */; };
		9F773AAF2AE98B9500145859 /* WebViewRepresentable.swift in Sources */ = {isa = PBXBuildFile; fileRef = 9F773AAE2AE98B9500145859 /* WebViewRepresentable.swift */; };
		9F84013D2B935BED00E959E8 /* DevicesListView.swift in Sources */ = {isa = PBXBuildFile; fileRef = 9F84013C2B935BED00E959E8 /* DevicesListView.swift */; };
		9F8401422B93623B00E959E8 /* HttpManager.swift in Sources */ = {isa = PBXBuildFile; fileRef = 9F8401412B93623B00E959E8 /* HttpManager.swift */; };
		9F8401442B93624E00E959E8 /* UrlSessionHttpManager.swift in Sources */ = {isa = PBXBuildFile; fileRef = 9F8401432B93624E00E959E8 /* UrlSessionHttpManager.swift */; };
		9F8401462B93626A00E959E8 /* RequestBuilder.swift in Sources */ = {isa = PBXBuildFile; fileRef = 9F8401452B93626A00E959E8 /* RequestBuilder.swift */; };
		9F8401482B93628500E959E8 /* RequestBuilderError.swift in Sources */ = {isa = PBXBuildFile; fileRef = 9F8401472B93628500E959E8 /* RequestBuilderError.swift */; };
		9F84014A2B93629800E959E8 /* DefaultRequestBuilder.swift in Sources */ = {isa = PBXBuildFile; fileRef = 9F8401492B93629800E959E8 /* DefaultRequestBuilder.swift */; };
		9F84014D2B9362C300E959E8 /* HttpManager+Additions.swift in Sources */ = {isa = PBXBuildFile; fileRef = 9F84014C2B9362C300E959E8 /* HttpManager+Additions.swift */; };
		9F8401502B93632700E959E8 /* EndpointConvertible.swift in Sources */ = {isa = PBXBuildFile; fileRef = 9F84014F2B93632700E959E8 /* EndpointConvertible.swift */; };
		9F8401522B93634A00E959E8 /* EndpointConvertable+Additions.swift in Sources */ = {isa = PBXBuildFile; fileRef = 9F8401512B93634A00E959E8 /* EndpointConvertable+Additions.swift */; };
		9F8401552B93636E00E959E8 /* HttpMethod.swift in Sources */ = {isa = PBXBuildFile; fileRef = 9F8401542B93636E00E959E8 /* HttpMethod.swift */; };
		9F8401572B93638000E959E8 /* RequestPath.swift in Sources */ = {isa = PBXBuildFile; fileRef = 9F8401562B93638000E959E8 /* RequestPath.swift */; };
		9F8401592B93639E00E959E8 /* HttpBody.swift in Sources */ = {isa = PBXBuildFile; fileRef = 9F8401582B93639E00E959E8 /* HttpBody.swift */; };
		9F84015B2B9363B000E959E8 /* HttpHeaderValue.swift in Sources */ = {isa = PBXBuildFile; fileRef = 9F84015A2B9363B000E959E8 /* HttpHeaderValue.swift */; };
		9F84015D2B9363C100E959E8 /* HttpHeader.swift in Sources */ = {isa = PBXBuildFile; fileRef = 9F84015C2B9363C100E959E8 /* HttpHeader.swift */; };
		9F84015F2B93640900E959E8 /* RoverControlEndpoint.swift in Sources */ = {isa = PBXBuildFile; fileRef = 9F84015E2B93640900E959E8 /* RoverControlEndpoint.swift */; };
		9F8401672B9364EE00E959E8 /* DeviceType.swift in Sources */ = {isa = PBXBuildFile; fileRef = 9F8401662B9364EE00E959E8 /* DeviceType.swift */; };
		9F8401692B9364FF00E959E8 /* DeviceRepresentable.swift in Sources */ = {isa = PBXBuildFile; fileRef = 9F8401682B9364FF00E959E8 /* DeviceRepresentable.swift */; };
		9F84016B2B93650E00E959E8 /* Device.swift in Sources */ = {isa = PBXBuildFile; fileRef = 9F84016A2B93650E00E959E8 /* Device.swift */; };
		9F84016D2B93654A00E959E8 /* DeviceItemView.swift in Sources */ = {isa = PBXBuildFile; fileRef = 9F84016C2B93654A00E959E8 /* DeviceItemView.swift */; };
		9FE5DA452AE9949B00493660 /* RoverControllViewModel.swift in Sources */ = {isa = PBXBuildFile; fileRef = 9FE5DA442AE9949B00493660 /* RoverControllViewModel.swift */; };
		9FE5DA492AEDB15600493660 /* RoverMotorAction.swift in Sources */ = {isa = PBXBuildFile; fileRef = 9FE5DA482AEDB15600493660 /* RoverMotorAction.swift */; };
		9FE5DA4B2AEDB17000493660 /* RoverMotor.swift in Sources */ = {isa = PBXBuildFile; fileRef = 9FE5DA4A2AEDB17000493660 /* RoverMotor.swift */; };
		9FE5DA4D2AEDB18800493660 /* RoverStatus.swift in Sources */ = {isa = PBXBuildFile; fileRef = 9FE5DA4C2AEDB18800493660 /* RoverStatus.swift */; };
		9FE5DA4F2AEDB1AA00493660 /* SetMotorRequest.swift in Sources */ = {isa = PBXBuildFile; fileRef = 9FE5DA4E2AEDB1AA00493660 /* SetMotorRequest.swift */; };
		9FE5DA512AEDB1BD00493660 /* SetPwmRequest.swift in Sources */ = {isa = PBXBuildFile; fileRef = 9FE5DA502AEDB1BD00493660 /* SetPwmRequest.swift */; };
		9FE5DA532AEDB1D600493660 /* RoverControllable.swift in Sources */ = {isa = PBXBuildFile; fileRef = 9FE5DA522AEDB1D600493660 /* RoverControllable.swift */; };
		9FE5DA552AEDB1F100493660 /* RoverController.swift in Sources */ = {isa = PBXBuildFile; fileRef = 9FE5DA542AEDB1F100493660 /* RoverController.swift */; };
/* End PBXBuildFile section */

/* Begin PBXContainerItemProxy section */
		9F773A922AE98AB000145859 /* PBXContainerItemProxy */ = {
			isa = PBXContainerItemProxy;
			containerPortal = 9F773A772AE98AAF00145859 /* Project object */;
			proxyType = 1;
			remoteGlobalIDString = 9F773A7E2AE98AAF00145859;
			remoteInfo = Esp32Car;
		};
		9F773A9C2AE98AB000145859 /* PBXContainerItemProxy */ = {
			isa = PBXContainerItemProxy;
			containerPortal = 9F773A772AE98AAF00145859 /* Project object */;
			proxyType = 1;
			remoteGlobalIDString = 9F773A7E2AE98AAF00145859;
			remoteInfo = Esp32Car;
		};
/* End PBXContainerItemProxy section */

/* Begin PBXFileReference section */
		9F254AB62AF6C9AD00DBC864 /* Config.xcconfig */ = {isa = PBXFileReference; lastKnownFileType = text.xcconfig; path = Config.xcconfig; sourceTree = "<group>"; };
		9F254AB72AF6CAB500DBC864 /* ConfigProvider.swift */ = {isa = PBXFileReference; lastKnownFileType = sourcecode.swift; path = ConfigProvider.swift; sourceTree = "<group>"; };
		9F254AB92AF6CD6100DBC864 /* BaseUrlProvider.swift */ = {isa = PBXFileReference; lastKnownFileType = sourcecode.swift; path = BaseUrlProvider.swift; sourceTree = "<group>"; };
		9F773A7F2AE98AAF00145859 /* Esp32Car.app */ = {isa = PBXFileReference; explicitFileType = wrapper.application; includeInIndex = 0; path = Esp32Car.app; sourceTree = BUILT_PRODUCTS_DIR; };
		9F773A822AE98AAF00145859 /* Esp32CarApp.swift */ = {isa = PBXFileReference; lastKnownFileType = sourcecode.swift; path = Esp32CarApp.swift; sourceTree = "<group>"; };
		9F773A842AE98AAF00145859 /* RoverContolView.swift */ = {isa = PBXFileReference; lastKnownFileType = sourcecode.swift; path = RoverContolView.swift; sourceTree = "<group>"; };
		9F773A882AE98AB000145859 /* Assets.xcassets */ = {isa = PBXFileReference; lastKnownFileType = folder.assetcatalog; path = Assets.xcassets; sourceTree = "<group>"; };
		9F773A8B2AE98AB000145859 /* Preview Assets.xcassets */ = {isa = PBXFileReference; lastKnownFileType = folder.assetcatalog; path = "Preview Assets.xcassets"; sourceTree = "<group>"; };
		9F773A912AE98AB000145859 /* Esp32CarTests.xctest */ = {isa = PBXFileReference; explicitFileType = wrapper.cfbundle; includeInIndex = 0; path = Esp32CarTests.xctest; sourceTree = BUILT_PRODUCTS_DIR; };
		9F773A952AE98AB000145859 /* Esp32CarTests.swift */ = {isa = PBXFileReference; lastKnownFileType = sourcecode.swift; path = Esp32CarTests.swift; sourceTree = "<group>"; };
		9F773A9B2AE98AB000145859 /* Esp32CarUITests.xctest */ = {isa = PBXFileReference; explicitFileType = wrapper.cfbundle; includeInIndex = 0; path = Esp32CarUITests.xctest; sourceTree = BUILT_PRODUCTS_DIR; };
		9F773A9F2AE98AB000145859 /* Esp32CarUITests.swift */ = {isa = PBXFileReference; lastKnownFileType = sourcecode.swift; path = Esp32CarUITests.swift; sourceTree = "<group>"; };
		9F773AA12AE98AB000145859 /* Esp32CarUITestsLaunchTests.swift */ = {isa = PBXFileReference; lastKnownFileType = sourcecode.swift; path = Esp32CarUITestsLaunchTests.swift; sourceTree = "<group>"; };
		9F773AAE2AE98B9500145859 /* WebViewRepresentable.swift */ = {isa = PBXFileReference; lastKnownFileType = sourcecode.swift; path = WebViewRepresentable.swift; sourceTree = "<group>"; };
		9F84013C2B935BED00E959E8 /* DevicesListView.swift */ = {isa = PBXFileReference; lastKnownFileType = sourcecode.swift; path = DevicesListView.swift; sourceTree = "<group>"; };
		9F8401412B93623B00E959E8 /* HttpManager.swift */ = {isa = PBXFileReference; lastKnownFileType = sourcecode.swift; path = HttpManager.swift; sourceTree = "<group>"; };
		9F8401432B93624E00E959E8 /* UrlSessionHttpManager.swift */ = {isa = PBXFileReference; lastKnownFileType = sourcecode.swift; path = UrlSessionHttpManager.swift; sourceTree = "<group>"; };
		9F8401452B93626A00E959E8 /* RequestBuilder.swift */ = {isa = PBXFileReference; lastKnownFileType = sourcecode.swift; path = RequestBuilder.swift; sourceTree = "<group>"; };
		9F8401472B93628500E959E8 /* RequestBuilderError.swift */ = {isa = PBXFileReference; lastKnownFileType = sourcecode.swift; path = RequestBuilderError.swift; sourceTree = "<group>"; };
		9F8401492B93629800E959E8 /* DefaultRequestBuilder.swift */ = {isa = PBXFileReference; lastKnownFileType = sourcecode.swift; path = DefaultRequestBuilder.swift; sourceTree = "<group>"; };
		9F84014C2B9362C300E959E8 /* HttpManager+Additions.swift */ = {isa = PBXFileReference; lastKnownFileType = sourcecode.swift; path = "HttpManager+Additions.swift"; sourceTree = "<group>"; };
		9F84014F2B93632700E959E8 /* EndpointConvertible.swift */ = {isa = PBXFileReference; lastKnownFileType = sourcecode.swift; path = EndpointConvertible.swift; sourceTree = "<group>"; };
		9F8401512B93634A00E959E8 /* EndpointConvertable+Additions.swift */ = {isa = PBXFileReference; lastKnownFileType = sourcecode.swift; path = "EndpointConvertable+Additions.swift"; sourceTree = "<group>"; };
		9F8401542B93636E00E959E8 /* HttpMethod.swift */ = {isa = PBXFileReference; lastKnownFileType = sourcecode.swift; path = HttpMethod.swift; sourceTree = "<group>"; };
		9F8401562B93638000E959E8 /* RequestPath.swift */ = {isa = PBXFileReference; lastKnownFileType = sourcecode.swift; path = RequestPath.swift; sourceTree = "<group>"; };
		9F8401582B93639E00E959E8 /* HttpBody.swift */ = {isa = PBXFileReference; lastKnownFileType = sourcecode.swift; path = HttpBody.swift; sourceTree = "<group>"; };
		9F84015A2B9363B000E959E8 /* HttpHeaderValue.swift */ = {isa = PBXFileReference; lastKnownFileType = sourcecode.swift; path = HttpHeaderValue.swift; sourceTree = "<group>"; };
		9F84015C2B9363C100E959E8 /* HttpHeader.swift */ = {isa = PBXFileReference; lastKnownFileType = sourcecode.swift; path = HttpHeader.swift; sourceTree = "<group>"; };
		9F84015E2B93640900E959E8 /* RoverControlEndpoint.swift */ = {isa = PBXFileReference; lastKnownFileType = sourcecode.swift; path = RoverControlEndpoint.swift; sourceTree = "<group>"; };
		9F8401662B9364EE00E959E8 /* DeviceType.swift */ = {isa = PBXFileReference; lastKnownFileType = sourcecode.swift; path = DeviceType.swift; sourceTree = "<group>"; };
		9F8401682B9364FF00E959E8 /* DeviceRepresentable.swift */ = {isa = PBXFileReference; lastKnownFileType = sourcecode.swift; path = DeviceRepresentable.swift; sourceTree = "<group>"; };
		9F84016A2B93650E00E959E8 /* Device.swift */ = {isa = PBXFileReference; lastKnownFileType = sourcecode.swift; path = Device.swift; sourceTree = "<group>"; };
		9F84016C2B93654A00E959E8 /* DeviceItemView.swift */ = {isa = PBXFileReference; lastKnownFileType = sourcecode.swift; path = DeviceItemView.swift; sourceTree = "<group>"; };
		9FE5DA442AE9949B00493660 /* RoverControllViewModel.swift */ = {isa = PBXFileReference; lastKnownFileType = sourcecode.swift; path = RoverControllViewModel.swift; sourceTree = "<group>"; };
		9FE5DA462AE9AA6E00493660 /* Info.plist */ = {isa = PBXFileReference; lastKnownFileType = text.plist; path = Info.plist; sourceTree = "<group>"; };
		9FE5DA482AEDB15600493660 /* RoverMotorAction.swift */ = {isa = PBXFileReference; lastKnownFileType = sourcecode.swift; path = RoverMotorAction.swift; sourceTree = "<group>"; };
		9FE5DA4A2AEDB17000493660 /* RoverMotor.swift */ = {isa = PBXFileReference; lastKnownFileType = sourcecode.swift; path = RoverMotor.swift; sourceTree = "<group>"; };
		9FE5DA4C2AEDB18800493660 /* RoverStatus.swift */ = {isa = PBXFileReference; lastKnownFileType = sourcecode.swift; path = RoverStatus.swift; sourceTree = "<group>"; };
		9FE5DA4E2AEDB1AA00493660 /* SetMotorRequest.swift */ = {isa = PBXFileReference; lastKnownFileType = sourcecode.swift; path = SetMotorRequest.swift; sourceTree = "<group>"; };
		9FE5DA502AEDB1BD00493660 /* SetPwmRequest.swift */ = {isa = PBXFileReference; lastKnownFileType = sourcecode.swift; path = SetPwmRequest.swift; sourceTree = "<group>"; };
		9FE5DA522AEDB1D600493660 /* RoverControllable.swift */ = {isa = PBXFileReference; lastKnownFileType = sourcecode.swift; path = RoverControllable.swift; sourceTree = "<group>"; };
		9FE5DA542AEDB1F100493660 /* RoverController.swift */ = {isa = PBXFileReference; lastKnownFileType = sourcecode.swift; path = RoverController.swift; sourceTree = "<group>"; };
/* End PBXFileReference section */

/* Begin PBXFrameworksBuildPhase section */
		9F773A7C2AE98AAF00145859 /* Frameworks */ = {
			isa = PBXFrameworksBuildPhase;
			buildActionMask = 2147483647;
			files = (
			);
			runOnlyForDeploymentPostprocessing = 0;
		};
		9F773A8E2AE98AB000145859 /* Frameworks */ = {
			isa = PBXFrameworksBuildPhase;
			buildActionMask = 2147483647;
			files = (
			);
			runOnlyForDeploymentPostprocessing = 0;
		};
		9F773A982AE98AB000145859 /* Frameworks */ = {
			isa = PBXFrameworksBuildPhase;
			buildActionMask = 2147483647;
			files = (
			);
			runOnlyForDeploymentPostprocessing = 0;
		};
/* End PBXFrameworksBuildPhase section */

/* Begin PBXGroup section */
		9F773A762AE98AAF00145859 = {
			isa = PBXGroup;
			children = (
				9F773A812AE98AAF00145859 /* Esp32Car */,
				9F773A942AE98AB000145859 /* Esp32CarTests */,
				9F773A9E2AE98AB000145859 /* Esp32CarUITests */,
				9F773A802AE98AAF00145859 /* Products */,
			);
			sourceTree = "<group>";
		};
		9F773A802AE98AAF00145859 /* Products */ = {
			isa = PBXGroup;
			children = (
				9F773A7F2AE98AAF00145859 /* Esp32Car.app */,
				9F773A912AE98AB000145859 /* Esp32CarTests.xctest */,
				9F773A9B2AE98AB000145859 /* Esp32CarUITests.xctest */,
			);
			name = Products;
			sourceTree = "<group>";
		};
		9F773A812AE98AAF00145859 /* Esp32Car */ = {
			isa = PBXGroup;
			children = (
				9F8401642B9364C300E959E8 /* DevicesList */,
				9F8401632B93649E00E959E8 /* Other */,
				9F84014E2B9362E900E959E8 /* Provider */,
				9F8401402B93621C00E959E8 /* Network */,
				9F84013E2B93617700E959E8 /* Rover */,
				9FE5DA462AE9AA6E00493660 /* Info.plist */,
				9F773A822AE98AAF00145859 /* Esp32CarApp.swift */,
				9F254AB62AF6C9AD00DBC864 /* Config.xcconfig */,
				9F773A882AE98AB000145859 /* Assets.xcassets */,
				9F773A8A2AE98AB000145859 /* Preview Content */,
			);
			path = Esp32Car;
			sourceTree = "<group>";
		};
		9F773A8A2AE98AB000145859 /* Preview Content */ = {
			isa = PBXGroup;
			children = (
				9F773A8B2AE98AB000145859 /* Preview Assets.xcassets */,
			);
			path = "Preview Content";
			sourceTree = "<group>";
		};
		9F773A942AE98AB000145859 /* Esp32CarTests */ = {
			isa = PBXGroup;
			children = (
				9F773A952AE98AB000145859 /* Esp32CarTests.swift */,
			);
			path = Esp32CarTests;
			sourceTree = "<group>";
		};
		9F773A9E2AE98AB000145859 /* Esp32CarUITests */ = {
			isa = PBXGroup;
			children = (
				9F773A9F2AE98AB000145859 /* Esp32CarUITests.swift */,
				9F773AA12AE98AB000145859 /* Esp32CarUITestsLaunchTests.swift */,
			);
			path = Esp32CarUITests;
			sourceTree = "<group>";
		};
		9F84013E2B93617700E959E8 /* Rover */ = {
			isa = PBXGroup;
			children = (
				9F8401622B93648500E959E8 /* Model */,
				9F8401612B93643C00E959E8 /* Logic */,
				9F8401602B93643100E959E8 /* View */,
				9F84013F2B9361D900E959E8 /* Protocols */,
			);
			path = Rover;
			sourceTree = "<group>";
		};
		9F84013F2B9361D900E959E8 /* Protocols */ = {
			isa = PBXGroup;
			children = (
				9FE5DA522AEDB1D600493660 /* RoverControllable.swift */,
			);
			path = Protocols;
			sourceTree = "<group>";
		};
		9F8401402B93621C00E959E8 /* Network */ = {
			isa = PBXGroup;
			children = (
				9F84014B2B9362A900E959E8 /* Extensions */,
				9F8401412B93623B00E959E8 /* HttpManager.swift */,
				9F8401432B93624E00E959E8 /* UrlSessionHttpManager.swift */,
				9F8401542B93636E00E959E8 /* HttpMethod.swift */,
				9F84015A2B9363B000E959E8 /* HttpHeaderValue.swift */,
				9F84015C2B9363C100E959E8 /* HttpHeader.swift */,
				9F8401582B93639E00E959E8 /* HttpBody.swift */,
				9F8401562B93638000E959E8 /* RequestPath.swift */,
				9F8401492B93629800E959E8 /* DefaultRequestBuilder.swift */,
				9F84014F2B93632700E959E8 /* EndpointConvertible.swift */,
				9F8401452B93626A00E959E8 /* RequestBuilder.swift */,
				9F8401472B93628500E959E8 /* RequestBuilderError.swift */,
			);
			path = Network;
			sourceTree = "<group>";
		};
		9F84014B2B9362A900E959E8 /* Extensions */ = {
			isa = PBXGroup;
			children = (
				9F84014C2B9362C300E959E8 /* HttpManager+Additions.swift */,
				9F8401512B93634A00E959E8 /* EndpointConvertable+Additions.swift */,
			);
			path = Extensions;
			sourceTree = "<group>";
		};
		9F84014E2B9362E900E959E8 /* Provider */ = {
			isa = PBXGroup;
			children = (
				9F254AB92AF6CD6100DBC864 /* BaseUrlProvider.swift */,
				9F254AB72AF6CAB500DBC864 /* ConfigProvider.swift */,
			);
			path = Provider;
			sourceTree = "<group>";
		};
		9F8401602B93643100E959E8 /* View */ = {
			isa = PBXGroup;
			children = (
				9F773A842AE98AAF00145859 /* RoverContolView.swift */,
			);
			path = View;
			sourceTree = "<group>";
		};
		9F8401612B93643C00E959E8 /* Logic */ = {
			isa = PBXGroup;
			children = (
				9FE5DA442AE9949B00493660 /* RoverControllViewModel.swift */,
				9F84015E2B93640900E959E8 /* RoverControlEndpoint.swift */,
				9FE5DA542AEDB1F100493660 /* RoverController.swift */,
			);
			path = Logic;
			sourceTree = "<group>";
		};
		9F8401622B93648500E959E8 /* Model */ = {
			isa = PBXGroup;
			children = (
				9FE5DA502AEDB1BD00493660 /* SetPwmRequest.swift */,
				9FE5DA4E2AEDB1AA00493660 /* SetMotorRequest.swift */,
				9FE5DA4C2AEDB18800493660 /* RoverStatus.swift */,
				9FE5DA4A2AEDB17000493660 /* RoverMotor.swift */,
				9FE5DA482AEDB15600493660 /* RoverMotorAction.swift */,
			);
			path = Model;
			sourceTree = "<group>";
		};
		9F8401632B93649E00E959E8 /* Other */ = {
			isa = PBXGroup;
			children = (
				9F773AAE2AE98B9500145859 /* WebViewRepresentable.swift */,
			);
			path = Other;
			sourceTree = "<group>";
		};
		9F8401642B9364C300E959E8 /* DevicesList */ = {
			isa = PBXGroup;
			children = (
				9F8401652B9364E100E959E8 /* Model */,
				9F84013C2B935BED00E959E8 /* DevicesListView.swift */,
				9F84016C2B93654A00E959E8 /* DeviceItemView.swift */,
			);
			path = DevicesList;
			sourceTree = "<group>";
		};
		9F8401652B9364E100E959E8 /* Model */ = {
			isa = PBXGroup;
			children = (
				9F8401662B9364EE00E959E8 /* DeviceType.swift */,
				9F84016A2B93650E00E959E8 /* Device.swift */,
				9F8401682B9364FF00E959E8 /* DeviceRepresentable.swift */,
			);
			path = Model;
			sourceTree = "<group>";
		};
/* End PBXGroup section */

/* Begin PBXNativeTarget section */
		9F773A7E2AE98AAF00145859 /* Esp32Car */ = {
			isa = PBXNativeTarget;
			buildConfigurationList = 9F773AA52AE98AB000145859 /* Build configuration list for PBXNativeTarget "Esp32Car" */;
			buildPhases = (
				9F773A7B2AE98AAF00145859 /* Sources */,
				9F773A7C2AE98AAF00145859 /* Frameworks */,
				9F773A7D2AE98AAF00145859 /* Resources */,
			);
			buildRules = (
			);
			dependencies = (
			);
			name = Esp32Car;
			productName = Esp32Car;
			productReference = 9F773A7F2AE98AAF00145859 /* Esp32Car.app */;
			productType = "com.apple.product-type.application";
		};
		9F773A902AE98AB000145859 /* Esp32CarTests */ = {
			isa = PBXNativeTarget;
			buildConfigurationList = 9F773AA82AE98AB000145859 /* Build configuration list for PBXNativeTarget "Esp32CarTests" */;
			buildPhases = (
				9F773A8D2AE98AB000145859 /* Sources */,
				9F773A8E2AE98AB000145859 /* Frameworks */,
				9F773A8F2AE98AB000145859 /* Resources */,
			);
			buildRules = (
			);
			dependencies = (
				9F773A932AE98AB000145859 /* PBXTargetDependency */,
			);
			name = Esp32CarTests;
			productName = Esp32CarTests;
			productReference = 9F773A912AE98AB000145859 /* Esp32CarTests.xctest */;
			productType = "com.apple.product-type.bundle.unit-test";
		};
		9F773A9A2AE98AB000145859 /* Esp32CarUITests */ = {
			isa = PBXNativeTarget;
			buildConfigurationList = 9F773AAB2AE98AB000145859 /* Build configuration list for PBXNativeTarget "Esp32CarUITests" */;
			buildPhases = (
				9F773A972AE98AB000145859 /* Sources */,
				9F773A982AE98AB000145859 /* Frameworks */,
				9F773A992AE98AB000145859 /* Resources */,
			);
			buildRules = (
			);
			dependencies = (
				9F773A9D2AE98AB000145859 /* PBXTargetDependency */,
			);
			name = Esp32CarUITests;
			productName = Esp32CarUITests;
			productReference = 9F773A9B2AE98AB000145859 /* Esp32CarUITests.xctest */;
			productType = "com.apple.product-type.bundle.ui-testing";
		};
/* End PBXNativeTarget section */

/* Begin PBXProject section */
		9F773A772AE98AAF00145859 /* Project object */ = {
			isa = PBXProject;
			attributes = {
				BuildIndependentTargetsInParallel = 1;
				LastSwiftUpdateCheck = 1500;
				LastUpgradeCheck = 1500;
				TargetAttributes = {
					9F773A7E2AE98AAF00145859 = {
						CreatedOnToolsVersion = 15.0.1;
					};
					9F773A902AE98AB000145859 = {
						CreatedOnToolsVersion = 15.0.1;
						TestTargetID = 9F773A7E2AE98AAF00145859;
					};
					9F773A9A2AE98AB000145859 = {
						CreatedOnToolsVersion = 15.0.1;
						TestTargetID = 9F773A7E2AE98AAF00145859;
					};
				};
			};
			buildConfigurationList = 9F773A7A2AE98AAF00145859 /* Build configuration list for PBXProject "Esp32Car" */;
			compatibilityVersion = "Xcode 14.0";
			developmentRegion = en;
			hasScannedForEncodings = 0;
			knownRegions = (
				en,
				Base,
			);
			mainGroup = 9F773A762AE98AAF00145859;
			productRefGroup = 9F773A802AE98AAF00145859 /* Products */;
			projectDirPath = "";
			projectRoot = "";
			targets = (
				9F773A7E2AE98AAF00145859 /* Esp32Car */,
				9F773A902AE98AB000145859 /* Esp32CarTests */,
				9F773A9A2AE98AB000145859 /* Esp32CarUITests */,
			);
		};
/* End PBXProject section */

/* Begin PBXResourcesBuildPhase section */
		9F773A7D2AE98AAF00145859 /* Resources */ = {
			isa = PBXResourcesBuildPhase;
			buildActionMask = 2147483647;
			files = (
				9F773A8C2AE98AB000145859 /* Preview Assets.xcassets in Resources */,
				9F773A892AE98AB000145859 /* Assets.xcassets in Resources */,
			);
			runOnlyForDeploymentPostprocessing = 0;
		};
		9F773A8F2AE98AB000145859 /* Resources */ = {
			isa = PBXResourcesBuildPhase;
			buildActionMask = 2147483647;
			files = (
			);
			runOnlyForDeploymentPostprocessing = 0;
		};
		9F773A992AE98AB000145859 /* Resources */ = {
			isa = PBXResourcesBuildPhase;
			buildActionMask = 2147483647;
			files = (
			);
			runOnlyForDeploymentPostprocessing = 0;
		};
/* End PBXResourcesBuildPhase section */

/* Begin PBXSourcesBuildPhase section */
		9F773A7B2AE98AAF00145859 /* Sources */ = {
			isa = PBXSourcesBuildPhase;
			buildActionMask = 2147483647;
			files = (
				9F254AB82AF6CAB500DBC864 /* ConfigProvider.swift in Sources */,
				9FE5DA492AEDB15600493660 /* RoverMotorAction.swift in Sources */,
				9F773A852AE98AAF00145859 /* RoverContolView.swift in Sources */,
				9FE5DA4D2AEDB18800493660 /* RoverStatus.swift in Sources */,
				9F84014A2B93629800E959E8 /* DefaultRequestBuilder.swift in Sources */,
				9F84015F2B93640900E959E8 /* RoverControlEndpoint.swift in Sources */,
				9F8401442B93624E00E959E8 /* UrlSessionHttpManager.swift in Sources */,
				9F8401502B93632700E959E8 /* EndpointConvertible.swift in Sources */,
				9F8401692B9364FF00E959E8 /* DeviceRepresentable.swift in Sources */,
				9F84016D2B93654A00E959E8 /* DeviceItemView.swift in Sources */,
				9F84013D2B935BED00E959E8 /* DevicesListView.swift in Sources */,
				9F84015D2B9363C100E959E8 /* HttpHeader.swift in Sources */,
				9F773AAF2AE98B9500145859 /* WebViewRepresentable.swift in Sources */,
				9F8401422B93623B00E959E8 /* HttpManager.swift in Sources */,
				9F773A832AE98AAF00145859 /* Esp32CarApp.swift in Sources */,
				9F8401592B93639E00E959E8 /* HttpBody.swift in Sources */,
				9FE5DA4B2AEDB17000493660 /* RoverMotor.swift in Sources */,
				9F254ABA2AF6CD6100DBC864 /* BaseUrlProvider.swift in Sources */,
				9F84016B2B93650E00E959E8 /* Device.swift in Sources */,
				9F84015B2B9363B000E959E8 /* HttpHeaderValue.swift in Sources */,
				9FE5DA4F2AEDB1AA00493660 /* SetMotorRequest.swift in Sources */,
				9F8401482B93628500E959E8 /* RequestBuilderError.swift in Sources */,
				9FE5DA452AE9949B00493660 /* RoverControllViewModel.swift in Sources */,
				9F8401672B9364EE00E959E8 /* DeviceType.swift in Sources */,
				9FE5DA552AEDB1F100493660 /* RoverController.swift in Sources */,
				9F8401552B93636E00E959E8 /* HttpMethod.swift in Sources */,
				9F8401572B93638000E959E8 /* RequestPath.swift in Sources */,
				9FE5DA512AEDB1BD00493660 /* SetPwmRequest.swift in Sources */,
				9F8401522B93634A00E959E8 /* EndpointConvertable+Additions.swift in Sources */,
				9FE5DA532AEDB1D600493660 /* RoverControllable.swift in Sources */,
				9F8401462B93626A00E959E8 /* RequestBuilder.swift in Sources */,
				9F84014D2B9362C300E959E8 /* HttpManager+Additions.swift in Sources */,
			);
			runOnlyForDeploymentPostprocessing = 0;
		};
		9F773A8D2AE98AB000145859 /* Sources */ = {
			isa = PBXSourcesBuildPhase;
			buildActionMask = 2147483647;
			files = (
				9F773A962AE98AB000145859 /* Esp32CarTests.swift in Sources */,
			);
			runOnlyForDeploymentPostprocessing = 0;
		};
		9F773A972AE98AB000145859 /* Sources */ = {
			isa = PBXSourcesBuildPhase;
			buildActionMask = 2147483647;
			files = (
				9F773AA22AE98AB000145859 /* Esp32CarUITestsLaunchTests.swift in Sources */,
				9F773AA02AE98AB000145859 /* Esp32CarUITests.swift in Sources */,
			);
			runOnlyForDeploymentPostprocessing = 0;
		};
/* End PBXSourcesBuildPhase section */

/* Begin PBXTargetDependency section */
		9F773A932AE98AB000145859 /* PBXTargetDependency */ = {
			isa = PBXTargetDependency;
			target = 9F773A7E2AE98AAF00145859 /* Esp32Car */;
			targetProxy = 9F773A922AE98AB000145859 /* PBXContainerItemProxy */;
		};
		9F773A9D2AE98AB000145859 /* PBXTargetDependency */ = {
			isa = PBXTargetDependency;
			target = 9F773A7E2AE98AAF00145859 /* Esp32Car */;
			targetProxy = 9F773A9C2AE98AB000145859 /* PBXContainerItemProxy */;
		};
/* End PBXTargetDependency section */

/* Begin XCBuildConfiguration section */
		9F773AA32AE98AB000145859 /* Debug */ = {
			isa = XCBuildConfiguration;
			baseConfigurationReference = 9F254AB62AF6C9AD00DBC864 /* Config.xcconfig */;
			buildSettings = {
				ALWAYS_SEARCH_USER_PATHS = NO;
				ASSETCATALOG_COMPILER_GENERATE_SWIFT_ASSET_SYMBOL_EXTENSIONS = YES;
				CLANG_ANALYZER_NONNULL = YES;
				CLANG_ANALYZER_NUMBER_OBJECT_CONVERSION = YES_AGGRESSIVE;
				CLANG_CXX_LANGUAGE_STANDARD = "gnu++20";
				CLANG_ENABLE_MODULES = YES;
				CLANG_ENABLE_OBJC_ARC = YES;
				CLANG_ENABLE_OBJC_WEAK = YES;
				CLANG_WARN_BLOCK_CAPTURE_AUTORELEASING = YES;
				CLANG_WARN_BOOL_CONVERSION = YES;
				CLANG_WARN_COMMA = YES;
				CLANG_WARN_CONSTANT_CONVERSION = YES;
				CLANG_WARN_DEPRECATED_OBJC_IMPLEMENTATIONS = YES;
				CLANG_WARN_DIRECT_OBJC_ISA_USAGE = YES_ERROR;
				CLANG_WARN_DOCUMENTATION_COMMENTS = YES;
				CLANG_WARN_EMPTY_BODY = YES;
				CLANG_WARN_ENUM_CONVERSION = YES;
				CLANG_WARN_INFINITE_RECURSION = YES;
				CLANG_WARN_INT_CONVERSION = YES;
				CLANG_WARN_NON_LITERAL_NULL_CONVERSION = YES;
				CLANG_WARN_OBJC_IMPLICIT_RETAIN_SELF = YES;
				CLANG_WARN_OBJC_LITERAL_CONVERSION = YES;
				CLANG_WARN_OBJC_ROOT_CLASS = YES_ERROR;
				CLANG_WARN_QUOTED_INCLUDE_IN_FRAMEWORK_HEADER = YES;
				CLANG_WARN_RANGE_LOOP_ANALYSIS = YES;
				CLANG_WARN_STRICT_PROTOTYPES = YES;
				CLANG_WARN_SUSPICIOUS_MOVE = YES;
				CLANG_WARN_UNGUARDED_AVAILABILITY = YES_AGGRESSIVE;
				CLANG_WARN_UNREACHABLE_CODE = YES;
				CLANG_WARN__DUPLICATE_METHOD_MATCH = YES;
				COPY_PHASE_STRIP = NO;
				DEBUG_INFORMATION_FORMAT = dwarf;
				ENABLE_STRICT_OBJC_MSGSEND = YES;
				ENABLE_TESTABILITY = YES;
				ENABLE_USER_SCRIPT_SANDBOXING = YES;
				GCC_C_LANGUAGE_STANDARD = gnu17;
				GCC_DYNAMIC_NO_PIC = NO;
				GCC_NO_COMMON_BLOCKS = YES;
				GCC_OPTIMIZATION_LEVEL = 0;
				GCC_PREPROCESSOR_DEFINITIONS = (
					"DEBUG=1",
					"$(inherited)",
				);
				GCC_WARN_64_TO_32_BIT_CONVERSION = YES;
				GCC_WARN_ABOUT_RETURN_TYPE = YES_ERROR;
				GCC_WARN_UNDECLARED_SELECTOR = YES;
				GCC_WARN_UNINITIALIZED_AUTOS = YES_AGGRESSIVE;
				GCC_WARN_UNUSED_FUNCTION = YES;
				GCC_WARN_UNUSED_VARIABLE = YES;
				IPHONEOS_DEPLOYMENT_TARGET = 17.0;
				LOCALIZATION_PREFERS_STRING_CATALOGS = YES;
				MTL_ENABLE_DEBUG_INFO = INCLUDE_SOURCE;
				MTL_FAST_MATH = YES;
				ONLY_ACTIVE_ARCH = YES;
				SDKROOT = iphoneos;
				SWIFT_ACTIVE_COMPILATION_CONDITIONS = "DEBUG $(inherited)";
				SWIFT_OPTIMIZATION_LEVEL = "-Onone";
			};
			name = Debug;
		};
		9F773AA42AE98AB000145859 /* Release */ = {
			isa = XCBuildConfiguration;
			baseConfigurationReference = 9F254AB62AF6C9AD00DBC864 /* Config.xcconfig */;
			buildSettings = {
				ALWAYS_SEARCH_USER_PATHS = NO;
				ASSETCATALOG_COMPILER_GENERATE_SWIFT_ASSET_SYMBOL_EXTENSIONS = YES;
				CLANG_ANALYZER_NONNULL = YES;
				CLANG_ANALYZER_NUMBER_OBJECT_CONVERSION = YES_AGGRESSIVE;
				CLANG_CXX_LANGUAGE_STANDARD = "gnu++20";
				CLANG_ENABLE_MODULES = YES;
				CLANG_ENABLE_OBJC_ARC = YES;
				CLANG_ENABLE_OBJC_WEAK = YES;
				CLANG_WARN_BLOCK_CAPTURE_AUTORELEASING = YES;
				CLANG_WARN_BOOL_CONVERSION = YES;
				CLANG_WARN_COMMA = YES;
				CLANG_WARN_CONSTANT_CONVERSION = YES;
				CLANG_WARN_DEPRECATED_OBJC_IMPLEMENTATIONS = YES;
				CLANG_WARN_DIRECT_OBJC_ISA_USAGE = YES_ERROR;
				CLANG_WARN_DOCUMENTATION_COMMENTS = YES;
				CLANG_WARN_EMPTY_BODY = YES;
				CLANG_WARN_ENUM_CONVERSION = YES;
				CLANG_WARN_INFINITE_RECURSION = YES;
				CLANG_WARN_INT_CONVERSION = YES;
				CLANG_WARN_NON_LITERAL_NULL_CONVERSION = YES;
				CLANG_WARN_OBJC_IMPLICIT_RETAIN_SELF = YES;
				CLANG_WARN_OBJC_LITERAL_CONVERSION = YES;
				CLANG_WARN_OBJC_ROOT_CLASS = YES_ERROR;
				CLANG_WARN_QUOTED_INCLUDE_IN_FRAMEWORK_HEADER = YES;
				CLANG_WARN_RANGE_LOOP_ANALYSIS = YES;
				CLANG_WARN_STRICT_PROTOTYPES = YES;
				CLANG_WARN_SUSPICIOUS_MOVE = YES;
				CLANG_WARN_UNGUARDED_AVAILABILITY = YES_AGGRESSIVE;
				CLANG_WARN_UNREACHABLE_CODE = YES;
				CLANG_WARN__DUPLICATE_METHOD_MATCH = YES;
				COPY_PHASE_STRIP = NO;
				DEBUG_INFORMATION_FORMAT = "dwarf-with-dsym";
				ENABLE_NS_ASSERTIONS = NO;
				ENABLE_STRICT_OBJC_MSGSEND = YES;
				ENABLE_USER_SCRIPT_SANDBOXING = YES;
				GCC_C_LANGUAGE_STANDARD = gnu17;
				GCC_NO_COMMON_BLOCKS = YES;
				GCC_WARN_64_TO_32_BIT_CONVERSION = YES;
				GCC_WARN_ABOUT_RETURN_TYPE = YES_ERROR;
				GCC_WARN_UNDECLARED_SELECTOR = YES;
				GCC_WARN_UNINITIALIZED_AUTOS = YES_AGGRESSIVE;
				GCC_WARN_UNUSED_FUNCTION = YES;
				GCC_WARN_UNUSED_VARIABLE = YES;
				IPHONEOS_DEPLOYMENT_TARGET = 17.0;
				LOCALIZATION_PREFERS_STRING_CATALOGS = YES;
				MTL_ENABLE_DEBUG_INFO = NO;
				MTL_FAST_MATH = YES;
				SDKROOT = iphoneos;
				SWIFT_COMPILATION_MODE = wholemodule;
				VALIDATE_PRODUCT = YES;
			};
			name = Release;
		};
		9F773AA62AE98AB000145859 /* Debug */ = {
			isa = XCBuildConfiguration;
			baseConfigurationReference = 9F254AB62AF6C9AD00DBC864 /* Config.xcconfig */;
			buildSettings = {
				ASSETCATALOG_COMPILER_APPICON_NAME = AppIcon;
				ASSETCATALOG_COMPILER_GLOBAL_ACCENT_COLOR_NAME = AccentColor;
				CODE_SIGN_STYLE = Automatic;
				CURRENT_PROJECT_VERSION = 1;
				DEVELOPMENT_ASSET_PATHS = "\"Esp32Car/Preview Content\"";
				DEVELOPMENT_TEAM = M3FHKUJ7Z3;
				ENABLE_PREVIEWS = YES;
				GENERATE_INFOPLIST_FILE = YES;
				INFOPLIST_FILE = Esp32Car/Info.plist;
				INFOPLIST_KEY_UIApplicationSceneManifest_Generation = YES;
				INFOPLIST_KEY_UIApplicationSupportsIndirectInputEvents = YES;
				INFOPLIST_KEY_UILaunchScreen_Generation = YES;
				INFOPLIST_KEY_UISupportedInterfaceOrientations_iPad = "UIInterfaceOrientationPortrait UIInterfaceOrientationPortraitUpsideDown UIInterfaceOrientationLandscapeLeft UIInterfaceOrientationLandscapeRight";
				INFOPLIST_KEY_UISupportedInterfaceOrientations_iPhone = "UIInterfaceOrientationPortrait UIInterfaceOrientationLandscapeLeft UIInterfaceOrientationLandscapeRight";
				LD_RUNPATH_SEARCH_PATHS = (
					"$(inherited)",
					"@executable_path/Frameworks",
				);
				MARKETING_VERSION = 1.0;
				PRODUCT_BUNDLE_IDENTIFIER = quasarius.Esp32Car;
				PRODUCT_NAME = "$(TARGET_NAME)";
				SWIFT_EMIT_LOC_STRINGS = YES;
				SWIFT_VERSION = 5.0;
				TARGETED_DEVICE_FAMILY = "1,2";
			};
			name = Debug;
		};
		9F773AA72AE98AB000145859 /* Release */ = {
			isa = XCBuildConfiguration;
			baseConfigurationReference = 9F254AB62AF6C9AD00DBC864 /* Config.xcconfig */;
			buildSettings = {
				ASSETCATALOG_COMPILER_APPICON_NAME = AppIcon;
				ASSETCATALOG_COMPILER_GLOBAL_ACCENT_COLOR_NAME = AccentColor;
				CODE_SIGN_STYLE = Automatic;
				CURRENT_PROJECT_VERSION = 1;
				DEVELOPMENT_ASSET_PATHS = "\"Esp32Car/Preview Content\"";
				DEVELOPMENT_TEAM = M3FHKUJ7Z3;
				ENABLE_PREVIEWS = YES;
				GENERATE_INFOPLIST_FILE = YES;
				INFOPLIST_FILE = Esp32Car/Info.plist;
				INFOPLIST_KEY_UIApplicationSceneManifest_Generation = YES;
				INFOPLIST_KEY_UIApplicationSupportsIndirectInputEvents = YES;
				INFOPLIST_KEY_UILaunchScreen_Generation = YES;
				INFOPLIST_KEY_UISupportedInterfaceOrientations_iPad = "UIInterfaceOrientationPortrait UIInterfaceOrientationPortraitUpsideDown UIInterfaceOrientationLandscapeLeft UIInterfaceOrientationLandscapeRight";
				INFOPLIST_KEY_UISupportedInterfaceOrientations_iPhone = "UIInterfaceOrientationPortrait UIInterfaceOrientationLandscapeLeft UIInterfaceOrientationLandscapeRight";
				LD_RUNPATH_SEARCH_PATHS = (
					"$(inherited)",
					"@executable_path/Frameworks",
				);
				MARKETING_VERSION = 1.0;
				PRODUCT_BUNDLE_IDENTIFIER = quasarius.Esp32Car;
				PRODUCT_NAME = "$(TARGET_NAME)";
				SWIFT_EMIT_LOC_STRINGS = YES;
				SWIFT_VERSION = 5.0;
				TARGETED_DEVICE_FAMILY = "1,2";
			};
			name = Release;
		};
		9F773AA92AE98AB000145859 /* Debug */ = {
			isa = XCBuildConfiguration;
			buildSettings = {
				ALWAYS_EMBED_SWIFT_STANDARD_LIBRARIES = YES;
				BUNDLE_LOADER = "$(TEST_HOST)";
				CODE_SIGN_STYLE = Automatic;
				CURRENT_PROJECT_VERSION = 1;
				DEVELOPMENT_TEAM = M3FHKUJ7Z3;
				GENERATE_INFOPLIST_FILE = YES;
				IPHONEOS_DEPLOYMENT_TARGET = 17.0;
				MARKETING_VERSION = 1.0;
				PRODUCT_BUNDLE_IDENTIFIER = quasarius.Esp32CarTests;
				PRODUCT_NAME = "$(TARGET_NAME)";
				SWIFT_EMIT_LOC_STRINGS = NO;
				SWIFT_VERSION = 5.0;
				TARGETED_DEVICE_FAMILY = "1,2";
				TEST_HOST = "$(BUILT_PRODUCTS_DIR)/Esp32Car.app/$(BUNDLE_EXECUTABLE_FOLDER_PATH)/Esp32Car";
			};
			name = Debug;
		};
		9F773AAA2AE98AB000145859 /* Release */ = {
			isa = XCBuildConfiguration;
			buildSettings = {
				ALWAYS_EMBED_SWIFT_STANDARD_LIBRARIES = YES;
				BUNDLE_LOADER = "$(TEST_HOST)";
				CODE_SIGN_STYLE = Automatic;
				CURRENT_PROJECT_VERSION = 1;
				DEVELOPMENT_TEAM = M3FHKUJ7Z3;
				GENERATE_INFOPLIST_FILE = YES;
				IPHONEOS_DEPLOYMENT_TARGET = 17.0;
				MARKETING_VERSION = 1.0;
				PRODUCT_BUNDLE_IDENTIFIER = quasarius.Esp32CarTests;
				PRODUCT_NAME = "$(TARGET_NAME)";
				SWIFT_EMIT_LOC_STRINGS = NO;
				SWIFT_VERSION = 5.0;
				TARGETED_DEVICE_FAMILY = "1,2";
				TEST_HOST = "$(BUILT_PRODUCTS_DIR)/Esp32Car.app/$(BUNDLE_EXECUTABLE_FOLDER_PATH)/Esp32Car";
			};
			name = Release;
		};
		9F773AAC2AE98AB000145859 /* Debug */ = {
			isa = XCBuildConfiguration;
			buildSettings = {
				ALWAYS_EMBED_SWIFT_STANDARD_LIBRARIES = YES;
				CODE_SIGN_STYLE = Automatic;
				CURRENT_PROJECT_VERSION = 1;
				DEVELOPMENT_TEAM = M3FHKUJ7Z3;
				GENERATE_INFOPLIST_FILE = YES;
				MARKETING_VERSION = 1.0;
				PRODUCT_BUNDLE_IDENTIFIER = quasarius.Esp32CarUITests;
				PRODUCT_NAME = "$(TARGET_NAME)";
				SWIFT_EMIT_LOC_STRINGS = NO;
				SWIFT_VERSION = 5.0;
				TARGETED_DEVICE_FAMILY = "1,2";
				TEST_TARGET_NAME = Esp32Car;
			};
			name = Debug;
		};
		9F773AAD2AE98AB000145859 /* Release */ = {
			isa = XCBuildConfiguration;
			buildSettings = {
				ALWAYS_EMBED_SWIFT_STANDARD_LIBRARIES = YES;
				CODE_SIGN_STYLE = Automatic;
				CURRENT_PROJECT_VERSION = 1;
				DEVELOPMENT_TEAM = M3FHKUJ7Z3;
				GENERATE_INFOPLIST_FILE = YES;
				MARKETING_VERSION = 1.0;
				PRODUCT_BUNDLE_IDENTIFIER = quasarius.Esp32CarUITests;
				PRODUCT_NAME = "$(TARGET_NAME)";
				SWIFT_EMIT_LOC_STRINGS = NO;
				SWIFT_VERSION = 5.0;
				TARGETED_DEVICE_FAMILY = "1,2";
				TEST_TARGET_NAME = Esp32Car;
			};
			name = Release;
		};
/* End XCBuildConfiguration section */

/* Begin XCConfigurationList section */
		9F773A7A2AE98AAF00145859 /* Build configuration list for PBXProject "Esp32Car" */ = {
			isa = XCConfigurationList;
			buildConfigurations = (
				9F773AA32AE98AB000145859 /* Debug */,
				9F773AA42AE98AB000145859 /* Release */,
			);
			defaultConfigurationIsVisible = 0;
			defaultConfigurationName = Release;
		};
		9F773AA52AE98AB000145859 /* Build configuration list for PBXNativeTarget "Esp32Car" */ = {
			isa = XCConfigurationList;
			buildConfigurations = (
				9F773AA62AE98AB000145859 /* Debug */,
				9F773AA72AE98AB000145859 /* Release */,
			);
			defaultConfigurationIsVisible = 0;
			defaultConfigurationName = Release;
		};
		9F773AA82AE98AB000145859 /* Build configuration list for PBXNativeTarget "Esp32CarTests" */ = {
			isa = XCConfigurationList;
			buildConfigurations = (
				9F773AA92AE98AB000145859 /* Debug */,
				9F773AAA2AE98AB000145859 /* Release */,
			);
			defaultConfigurationIsVisible = 0;
			defaultConfigurationName = Release;
		};
		9F773AAB2AE98AB000145859 /* Build configuration list for PBXNativeTarget "Esp32CarUITests" */ = {
			isa = XCConfigurationList;
			buildConfigurations = (
				9F773AAC2AE98AB000145859 /* Debug */,
				9F773AAD2AE98AB000145859 /* Release */,
			);
			defaultConfigurationIsVisible = 0;
			defaultConfigurationName = Release;
		};
/* End XCConfigurationList section */
	};
	rootObject = 9F773A772AE98AAF00145859 /* Project object */;
}
